// !$*UTF8*$!
{
	archiveVersion = 1;
	classes = {
	};
	objectVersion = 46;
	objects = {

/* Begin PBXBuildFile section */
		790D296D14915B930072D595 /* Foundation.framework in Frameworks */ = {isa = PBXBuildFile; fileRef = 790D296C14915B930072D595 /* Foundation.framework */; };
		790D297314915B930072D595 /* SilentSwitchIosExtension.m in Sources */ = {isa = PBXBuildFile; fileRef = 790D297214915B930072D595 /* SilentSwitchIosExtension.m */; };
		790D297D14915BBB0072D595 /* FlashRuntimeExtensions.h in Headers */ = {isa = PBXBuildFile; fileRef = 790D297C14915BBB0072D595 /* FlashRuntimeExtensions.h */; };
		790D298214916D8E0072D595 /* AudioToolbox.framework in Frameworks */ = {isa = PBXBuildFile; fileRef = 790D298114916D8E0072D595 /* AudioToolbox.framework */; };
/* End PBXBuildFile section */

/* Begin PBXFileReference section */
		790D296914915B930072D595 /* libSilentSwitchIosExtension.a */ = {isa = PBXFileReference; explicitFileType = archive.ar; includeInIndex = 0; path = libSilentSwitchIosExtension.a; sourceTree = BUILT_PRODUCTS_DIR; };
		790D296C14915B930072D595 /* Foundation.framework */ = {isa = PBXFileReference; lastKnownFileType = wrapper.framework; name = Foundation.framework; path = System/Library/Frameworks/Foundation.framework; sourceTree = SDKROOT; };
		790D297014915B930072D595 /* SilentSwitchIosExtension-Prefix.pch */ = {isa = PBXFileReference; lastKnownFileType = sourcecode.c.h; path = "SilentSwitchIosExtension-Prefix.pch"; sourceTree = "<group>"; };
		790D297214915B930072D595 /* SilentSwitchIosExtension.m */ = {isa = PBXFileReference; lastKnownFileType = sourcecode.c.objc; path = SilentSwitchIosExtension.m; sourceTree = "<group>"; };
		790D297C14915BBB0072D595 /* FlashRuntimeExtensions.h */ = {isa = PBXFileReference; fileEncoding = 4; lastKnownFileType = sourcecode.c.h; path = FlashRuntimeExtensions.h; sourceTree = "<group>"; };
		790D298114916D8E0072D595 /* AudioToolbox.framework */ = {isa = PBXFileReference; lastKnownFileType = wrapper.framework; name = AudioToolbox.framework; path = System/Library/Frameworks/AudioToolbox.framework; sourceTree = SDKROOT; };
/* End PBXFileReference section */

/* Begin PBXFrameworksBuildPhase section */
		790D296614915B930072D595 /* Frameworks */ = {
			isa = PBXFrameworksBuildPhase;
			buildActionMask = 2147483647;
			files = (
				790D298214916D8E0072D595 /* AudioToolbox.framework in Frameworks */,
				790D296D14915B930072D595 /* Foundation.framework in Frameworks */,
			);
			runOnlyForDeploymentPostprocessing = 0;
		};
/* End PBXFrameworksBuildPhase section */

/* Begin PBXGroup section */
		790D295E14915B920072D595 = {
			isa = PBXGroup;
			children = (
				790D297C14915BBB0072D595 /* FlashRuntimeExtensions.h */,
				790D296E14915B930072D595 /* SilentSwitchIosExtension */,
				790D296B14915B930072D595 /* Frameworks */,
				790D296A14915B930072D595 /* Products */,
			);
			sourceTree = "<group>";
		};
		790D296A14915B930072D595 /* Products */ = {
			isa = PBXGroup;
			children = (
				790D296914915B930072D595 /* libSilentSwitchIosExtension.a */,
			);
			name = Products;
			sourceTree = "<group>";
		};
		790D296B14915B930072D595 /* Frameworks */ = {
			isa = PBXGroup;
			children = (
				790D298114916D8E0072D595 /* AudioToolbox.framework */,
				790D296C14915B930072D595 /* Foundation.framework */,
			);
			name = Frameworks;
			sourceTree = "<group>";
		};
		790D296E14915B930072D595 /* SilentSwitchIosExtension */ = {
			isa = PBXGroup;
			children = (
				790D297214915B930072D595 /* SilentSwitchIosExtension.m */,
				790D296F14915B930072D595 /* Supporting Files */,
			);
			path = SilentSwitchIosExtension;
			sourceTree = "<group>";
		};
		790D296F14915B930072D595 /* Supporting Files */ = {
			isa = PBXGroup;
			children = (
				790D297014915B930072D595 /* SilentSwitchIosExtension-Prefix.pch */,
			);
			name = "Supporting Files";
			sourceTree = "<group>";
		};
/* End PBXGroup section */

/* Begin PBXHeadersBuildPhase section */
		790D296714915B930072D595 /* Headers */ = {
			isa = PBXHeadersBuildPhase;
			buildActionMask = 2147483647;
			files = (
				790D297D14915BBB0072D595 /* FlashRuntimeExtensions.h in Headers */,
			);
			runOnlyForDeploymentPostprocessing = 0;
		};
/* End PBXHeadersBuildPhase section */

/* Begin PBXNativeTarget section */
		790D296814915B930072D595 /* SilentSwitchIosExtension */ = {
			isa = PBXNativeTarget;
			buildConfigurationList = 790D297614915B930072D595 /* Build configuration list for PBXNativeTarget "SilentSwitchIosExtension" */;
			buildPhases = (
				790D296514915B930072D595 /* Sources */,
				790D296614915B930072D595 /* Frameworks */,
				790D296714915B930072D595 /* Headers */,
			);
			buildRules = (
			);
			dependencies = (
			);
			name = SilentSwitchIosExtension;
			productName = SilentSwitchIosExtension;
			productReference = 790D296914915B930072D595 /* libSilentSwitchIosExtension.a */;
			productType = "com.apple.product-type.library.static";
		};
/* End PBXNativeTarget section */

/* Begin PBXProject section */
		790D296014915B920072D595 /* Project object */ = {
			isa = PBXProject;
			attributes = {
				LastUpgradeCheck = 0420;
				ORGANIZATIONNAME = "Stick Sports Ltd";
			};
			buildConfigurationList = 790D296314915B920072D595 /* Build configuration list for PBXProject "SilentSwitchIosExtension" */;
			compatibilityVersion = "Xcode 3.2";
			developmentRegion = English;
			hasScannedForEncodings = 0;
			knownRegions = (
				en,
			);
			mainGroup = 790D295E14915B920072D595;
			productRefGroup = 790D296A14915B930072D595 /* Products */;
			projectDirPath = "";
			projectRoot = "";
			targets = (
				790D296814915B930072D595 /* SilentSwitchIosExtension */,
			);
		};
/* End PBXProject section */

/* Begin PBXSourcesBuildPhase section */
		790D296514915B930072D595 /* Sources */ = {
			isa = PBXSourcesBuildPhase;
			buildActionMask = 2147483647;
			files = (
				790D297314915B930072D595 /* SilentSwitchIosExtension.m in Sources */,
			);
			runOnlyForDeploymentPostprocessing = 0;
		};
/* End PBXSourcesBuildPhase section */

/* Begin XCBuildConfiguration section */
		790D297414915B930072D595 /* Debug */ = {
			isa = XCBuildConfiguration;
			buildSettings = {
				ALWAYS_SEARCH_USER_PATHS = NO;
				ARCHS = "$(ARCHS_STANDARD_32_BIT)";
				COPY_PHASE_STRIP = NO;
				GCC_C_LANGUAGE_STANDARD = gnu99;
				GCC_DYNAMIC_NO_PIC = NO;
				GCC_OPTIMIZATION_LEVEL = 0;
				GCC_PREPROCESSOR_DEFINITIONS = (
					"DEBUG=1",
					"$(inherited)",
				);
				GCC_SYMBOLS_PRIVATE_EXTERN = NO;
				GCC_VERSION = com.apple.compilers.llvm.clang.1_0;
				GCC_WARN_ABOUT_MISSING_PROTOTYPES = YES;
				GCC_WARN_ABOUT_RETURN_TYPE = YES;
				GCC_WARN_UNUSED_VARIABLE = YES;
				IPHONEOS_DEPLOYMENT_TARGET = 5.0;
				SDKROOT = iphoneos;
			};
			name = Debug;
		};
		790D297514915B930072D595 /* Release */ = {
			isa = XCBuildConfiguration;
			buildSettings = {
				ALWAYS_SEARCH_USER_PATHS = NO;
				ARCHS = "$(ARCHS_STANDARD_32_BIT)";
				COPY_PHASE_STRIP = YES;
				GCC_C_LANGUAGE_STANDARD = gnu99;
				GCC_VERSION = com.apple.compilers.llvm.clang.1_0;
				GCC_WARN_ABOUT_MISSING_PROTOTYPES = YES;
				GCC_WARN_ABOUT_RETURN_TYPE = YES;
				GCC_WARN_UNUSED_VARIABLE = YES;
				IPHONEOS_DEPLOYMENT_TARGET = 5.0;
				SDKROOT = iphoneos;
				VALIDATE_PRODUCT = YES;
			};
			name = Release;
		};
		790D297714915B930072D595 /* Debug */ = {
			isa = XCBuildConfiguration;
			buildSettings = {
				DSTROOT = /tmp/SilentSwitchIosExtension.dst;
				GCC_LINK_WITH_DYNAMIC_LIBRARIES = YES;
				GCC_PRECOMPILE_PREFIX_HEADER = YES;
				GCC_PREFIX_HEADER = "SilentSwitchIosExtension/SilentSwitchIosExtension-Prefix.pch";
				GCC_WARN_ABOUT_MISSING_PROTOTYPES = NO;
				GCC_WARN_ABOUT_POINTER_SIGNEDNESS = NO;
				IPHONEOS_DEPLOYMENT_TARGET = 4.2;
				OTHER_LDFLAGS = "-ObjC";
				PRODUCT_NAME = "$(TARGET_NAME)";
				SKIP_INSTALL = YES;
			};
			name = Debug;
		};
		790D297814915B930072D595 /* Release */ = {
			isa = XCBuildConfiguration;
			buildSettings = {
				DSTROOT = /tmp/SilentSwitchIosExtension.dst;
				GCC_LINK_WITH_DYNAMIC_LIBRARIES = YES;
				GCC_PRECOMPILE_PREFIX_HEADER = YES;
				GCC_PREFIX_HEADER = "SilentSwitchIosExtension/SilentSwitchIosExtension-Prefix.pch";
				GCC_WARN_ABOUT_MISSING_PROTOTYPES = NO;
				GCC_WARN_ABOUT_POINTER_SIGNEDNESS = NO;
				IPHONEOS_DEPLOYMENT_TARGET = 4.2;
				OTHER_LDFLAGS = "-ObjC";
				PRODUCT_NAME = "$(TARGET_NAME)";
				SKIP_INSTALL = YES;
			};
			name = Release;
		};
/* End XCBuildConfiguration section */

/* Begin XCConfigurationList section */
		790D296314915B920072D595 /* Build configuration list for PBXProject "SilentSwitchIosExtension" */ = {
			isa = XCConfigurationList;
			buildConfigurations = (
				790D297414915B930072D595 /* Debug */,
				790D297514915B930072D595 /* Release */,
			);
			defaultConfigurationIsVisible = 0;
			defaultConfigurationName = Release;
		};
		790D297614915B930072D595 /* Build configuration list for PBXNativeTarget "SilentSwitchIosExtension" */ = {
			isa = XCConfigurationList;
			buildConfigurations = (
				790D297714915B930072D595 /* Debug */,
				790D297814915B930072D595 /* Release */,
			);
			defaultConfigurationIsVisible = 0;
			defaultConfigurationName = Release;
		};
/* End XCConfigurationList section */
	};
	rootObject = 790D296014915B920072D595 /* Project object */;
}
